{
  "name": "lordbobisgay.github.io",
  "lockfileVersion": 3,
  "requires": true,
  "packages": {
    "": {
      "dependencies": {
        "posthog-js": "^1.148.2"
      }
    },
    "node_modules/fflate": {
      "version": "0.4.8",
      "resolved": "https://registry.npmjs.org/fflate/-/fflate-0.4.8.tgz",
      "integrity": "sha512-FJqqoDBR00Mdj9ppamLa/Y7vxm+PRmNWA67N846RvsoYVMKB4q3y/de5PA7gUmRMYK/8CMz2GDZQmCRN1wBcWA=="
    },
    "node_modules/posthog-js": {
      "version": "1.148.2",
      "resolved": "https://registry.npmjs.org/posthog-js/-/posthog-js-1.148.2.tgz",
      "integrity": "sha512-YQt8D+RS1a56ykLPLsqSq73vLYLIFQwlvY40ncgOM/uhxAV4FmbnYv85ZtwnB2SAZD/gChWXI/fprYQA9lhc1w==",
      "dependencies": {
        "fflate": "^0.4.8",
        "preact": "^10.19.3",
        "web-vitals": "^4.0.1"
      }
    },
    "node_modules/preact": {
      "version": "10.22.1",
      "resolved": "https://registry.npmjs.org/preact/-/preact-10.22.1.tgz",
      "integrity": "sha512-jRYbDDgMpIb5LHq3hkI0bbl+l/TQ9UnkdQ0ww+lp+4MMOdqaUYdFc5qeyP+IV8FAd/2Em7drVPeKdQxsiWCf/A==",
      "funding": {
        "type": "opencollective",
        "url": "https://opencollective.com/preact"
      }
    },
    "node_modules/web-vitals": {
      "version": "4.2.2",
      "resolved": "https://registry.npmjs.org/web-vitals/-/web-vitals-4.2.2.tgz",
      "integrity": "sha512-nYfoOqb4EmElljyXU2qdeE76KsvoHdftQKY4DzA9Aw8DervCg2bG634pHLrJ/d6+B4mE3nWTSJv8Mo7B2mbZkw=="
    }
  }
}
